
Microsoft Visual Studio Solution File, Format Version 12.00
# Visual Studio Version 16
VisualStudioVersion = 16.0.31025.194
MinimumVisualStudioVersion = 10.0.40219.1
Project("{9A19103F-16F7-4668-BE54-9A1E7A4F7556}") = "Zombie Escape", "code\Zombie Escape.csproj", "{52C78003-99E9-487E-8546-34D10EF32F02}"
EndProject
Global
	GlobalSection(SolutionConfigurationPlatforms) = preSolution
		Debug|Any CPU = Debug|Any CPU
		Release|Any CPU = Release|Any CPU
	EndGlobalSection
	GlobalSection(ProjectConfigurationPlatforms) = postSolution
		{52C78003-99E9-487E-8546-34D10EF32F02}.Debug|Any CPU.ActiveCfg = Debug|Any CPU
		{52C78003-99E9-487E-8546-34D10EF32F02}.Debug|Any CPU.Build.0 = Debug|Any CPU
		{52C78003-99E9-487E-8546-34D10EF32F02}.Release|Any CPU.ActiveCfg = Release|Any CPU
		{52C78003-99E9-487E-8546-34D10EF32F02}.Release|Any CPU.Build.0 = Release|Any CPU
	EndGlobalSection
	GlobalSection(SolutionProperties) = preSolution
		HideSolutionNode = FALSE
	EndGlobalSection
	GlobalSection(ExtensibilityGlobals) = postSolution
		SolutionGuid = {C7CEFE59-7513-48BC-A1BB-304DCDBC0D7C}
	EndGlobalSection
EndGlobal
